
Microsoft Visual Studio Solution File, Format Version 12.00
# Visual Studio Version 17
VisualStudioVersion = 17.0.32002.185
MinimumVisualStudioVersion = 10.0.40219.1
Project("{8BC9CEB8-8B4A-11D0-8D11-00A0C91BC942}") = "mkqr_api", "mkqr_api\mkqr_api.vcxproj", "{3766B828-0D7F-4F80-9DFA-F04CB4DD22A1}"
EndProject
Project("{2150E333-8FDC-42A3-9474-1A3956D46DE8}") = "examples", "examples", "{75F6FBC5-832A-48A0-BA8D-26FC58D26949}"
EndProject
Project("{8BC9CEB8-8B4A-11D0-8D11-00A0C91BC942}") = "cppexample", "cppexample\test.vcxproj", "{4674531A-4314-44F2-99B6-558F589010A3}"
EndProject
Project("{FAE04EC0-301F-11D3-BF4B-00C04F79EFBC}") = "wpfexample", "wpfexample\wpfexample.csproj", "{F4A35E59-D3D9-440E-8884-2D86E6608BD9}"
EndProject
Global
	GlobalSection(SolutionConfigurationPlatforms) = preSolution
		Debug|Any CPU = Debug|Any CPU
		Debug|x64 = Debug|x64
		Debug|x86 = Debug|x86
		Release|Any CPU = Release|Any CPU
		Release|x64 = Release|x64
		Release|x86 = Release|x86
	EndGlobalSection
	GlobalSection(ProjectConfigurationPlatforms) = postSolution
		{3766B828-0D7F-4F80-9DFA-F04CB4DD22A1}.Debug|Any CPU.ActiveCfg = Debug|x64
		{3766B828-0D7F-4F80-9DFA-F04CB4DD22A1}.Debug|Any CPU.Build.0 = Debug|x64
		{3766B828-0D7F-4F80-9DFA-F04CB4DD22A1}.Debug|x64.ActiveCfg = Debug|x64
		{3766B828-0D7F-4F80-9DFA-F04CB4DD22A1}.Debug|x64.Build.0 = Debug|x64
		{3766B828-0D7F-4F80-9DFA-F04CB4DD22A1}.Debug|x86.ActiveCfg = Debug|Win32
		{3766B828-0D7F-4F80-9DFA-F04CB4DD22A1}.Debug|x86.Build.0 = Debug|Win32
		{3766B828-0D7F-4F80-9DFA-F04CB4DD22A1}.Release|Any CPU.ActiveCfg = Release|x64
		{3766B828-0D7F-4F80-9DFA-F04CB4DD22A1}.Release|Any CPU.Build.0 = Release|x64
		{3766B828-0D7F-4F80-9DFA-F04CB4DD22A1}.Release|x64.ActiveCfg = Release|x64
		{3766B828-0D7F-4F80-9DFA-F04CB4DD22A1}.Release|x64.Build.0 = Release|x64
		{3766B828-0D7F-4F80-9DFA-F04CB4DD22A1}.Release|x86.ActiveCfg = Release|Win32
		{3766B828-0D7F-4F80-9DFA-F04CB4DD22A1}.Release|x86.Build.0 = Release|Win32
		{4674531A-4314-44F2-99B6-558F589010A3}.Debug|Any CPU.ActiveCfg = Debug|x64
		{4674531A-4314-44F2-99B6-558F589010A3}.Debug|Any CPU.Build.0 = Debug|x64
		{4674531A-4314-44F2-99B6-558F589010A3}.Debug|x64.ActiveCfg = Debug|x64
		{4674531A-4314-44F2-99B6-558F589010A3}.Debug|x64.Build.0 = Debug|x64
		{4674531A-4314-44F2-99B6-558F589010A3}.Debug|x86.ActiveCfg = Debug|Win32
		{4674531A-4314-44F2-99B6-558F589010A3}.Debug|x86.Build.0 = Debug|Win32
		{4674531A-4314-44F2-99B6-558F589010A3}.Release|Any CPU.ActiveCfg = Release|x64
		{4674531A-4314-44F2-99B6-558F589010A3}.Release|Any CPU.Build.0 = Release|x64
		{4674531A-4314-44F2-99B6-558F589010A3}.Release|x64.ActiveCfg = Release|x64
		{4674531A-4314-44F2-99B6-558F589010A3}.Release|x64.Build.0 = Release|x64
		{4674531A-4314-44F2-99B6-558F589010A3}.Release|x86.ActiveCfg = Release|Win32
		{4674531A-4314-44F2-99B6-558F589010A3}.Release|x86.Build.0 = Release|Win32
		{F4A35E59-D3D9-440E-8884-2D86E6608BD9}.Debug|Any CPU.ActiveCfg = Debug|Any CPU
		{F4A35E59-D3D9-440E-8884-2D86E6608BD9}.Debug|Any CPU.Build.0 = Debug|Any CPU
		{F4A35E59-D3D9-440E-8884-2D86E6608BD9}.Debug|x64.ActiveCfg = Debug|Any CPU
		{F4A35E59-D3D9-440E-8884-2D86E6608BD9}.Debug|x64.Build.0 = Debug|Any CPU
		{F4A35E59-D3D9-440E-8884-2D86E6608BD9}.Debug|x86.ActiveCfg = Debug|Any CPU
		{F4A35E59-D3D9-440E-8884-2D86E6608BD9}.Debug|x86.Build.0 = Debug|Any CPU
		{F4A35E59-D3D9-440E-8884-2D86E6608BD9}.Release|Any CPU.ActiveCfg = Release|Any CPU
		{F4A35E59-D3D9-440E-8884-2D86E6608BD9}.Release|Any CPU.Build.0 = Release|Any CPU
		{F4A35E59-D3D9-440E-8884-2D86E6608BD9}.Release|x64.ActiveCfg = Release|Any CPU
		{F4A35E59-D3D9-440E-8884-2D86E6608BD9}.Release|x64.Build.0 = Release|Any CPU
		{F4A35E59-D3D9-440E-8884-2D86E6608BD9}.Release|x86.ActiveCfg = Release|Any CPU
		{F4A35E59-D3D9-440E-8884-2D86E6608BD9}.Release|x86.Build.0 = Release|Any CPU
	EndGlobalSection
	GlobalSection(SolutionProperties) = preSolution
		HideSolutionNode = FALSE
	EndGlobalSection
	GlobalSection(NestedProjects) = preSolution
		{4674531A-4314-44F2-99B6-558F589010A3} = {75F6FBC5-832A-48A0-BA8D-26FC58D26949}
		{F4A35E59-D3D9-440E-8884-2D86E6608BD9} = {75F6FBC5-832A-48A0-BA8D-26FC58D26949}
	EndGlobalSection
	GlobalSection(ExtensibilityGlobals) = postSolution
		SolutionGuid = {F3EAE2EE-D8F6-4569-B3BD-6E4A57EDF82F}
	EndGlobalSection
EndGlobal
